
Microsoft Visual Studio Solution File, Format Version 12.00
# Visual Studio 15
VisualStudioVersion = 15.0.28307.1209
MinimumVisualStudioVersion = 10.0.40219.1
Project("{FAE04EC0-301F-11D3-BF4B-00C04F79EFBC}") = "Student", "Student\Student.csproj", "{943ECE10-B026-4E6B-A304-F0DDB28FE1EE}"
EndProject
Global
	GlobalSection(SolutionConfigurationPlatforms) = preSolution
		Debug|Any CPU = Debug|Any CPU
		Release|Any CPU = Release|Any CPU
	EndGlobalSection
	GlobalSection(ProjectConfigurationPlatforms) = postSolution
		{943ECE10-B026-4E6B-A304-F0DDB28FE1EE}.Debug|Any CPU.ActiveCfg = Debug|Any CPU
		{943ECE10-B026-4E6B-A304-F0DDB28FE1EE}.Debug|Any CPU.Build.0 = Debug|Any CPU
		{943ECE10-B026-4E6B-A304-F0DDB28FE1EE}.Release|Any CPU.ActiveCfg = Release|Any CPU
		{943ECE10-B026-4E6B-A304-F0DDB28FE1EE}.Release|Any CPU.Build.0 = Release|Any CPU
	EndGlobalSection
	GlobalSection(SolutionProperties) = preSolution
		HideSolutionNode = FALSE
	EndGlobalSection
	GlobalSection(ExtensibilityGlobals) = postSolution
		SolutionGuid = {C5E71E16-9133-46B9-9209-B3D66755EB51}
	EndGlobalSection
EndGlobal
